// !$*UTF8*$!
{
	archiveVersion = 1;
	classes = {
	};
	objectVersion = 55;
	objects = {

/* Begin PBXBuildFile section */
		177CE86827BB49D200C23A60 /* HomeViewController.swift in Sources */ = {isa = PBXBuildFile; fileRef = 177CE86627BB49D200C23A60 /* HomeViewController.swift */; };
		177CE86927BB49D200C23A60 /* HomeViewController.xib in Resources */ = {isa = PBXBuildFile; fileRef = 177CE86727BB49D200C23A60 /* HomeViewController.xib */; };
		177CE87127BB8A0B00C23A60 /* ImageCollectionViewCell.swift in Sources */ = {isa = PBXBuildFile; fileRef = 177CE86F27BB8A0B00C23A60 /* ImageCollectionViewCell.swift */; };
		177CE87227BB8A0B00C23A60 /* ImageCollectionViewCell.xib in Resources */ = {isa = PBXBuildFile; fileRef = 177CE87027BB8A0B00C23A60 /* ImageCollectionViewCell.xib */; };
		177CE87527BBB33D00C23A60 /* Item.swift in Sources */ = {isa = PBXBuildFile; fileRef = 177CE87427BBB33D00C23A60 /* Item.swift */; };
		177CE87F27BBB59800C23A60 /* ItemCollectionViewCell.swift in Sources */ = {isa = PBXBuildFile; fileRef = 177CE87D27BBB59800C23A60 /* ItemCollectionViewCell.swift */; };
		177CE88027BBB59800C23A60 /* ItemCollectionViewCell.xib in Resources */ = {isa = PBXBuildFile; fileRef = 177CE87E27BBB59800C23A60 /* ItemCollectionViewCell.xib */; };
		2982E0EB27B6A855004D95AC /* Encodable.swift in Sources */ = {isa = PBXBuildFile; fileRef = 2982E0EA27B6A855004D95AC /* Encodable.swift */; };
		2982E0EE27B6B54D004D95AC /* User.swift in Sources */ = {isa = PBXBuildFile; fileRef = 2982E0ED27B6B54D004D95AC /* User.swift */; };
		29F4D54D27BA600C003208F5 /* UIcolor.swift in Sources */ = {isa = PBXBuildFile; fileRef = 29F4D54C27BA600C003208F5 /* UIcolor.swift */; };
		C26535DC27B5FA2500C0CA9E /* AppDelegate.swift in Sources */ = {isa = PBXBuildFile; fileRef = C26535DB27B5FA2500C0CA9E /* AppDelegate.swift */; };
		C26535E027B5FA2500C0CA9E /* ViewController.swift in Sources */ = {isa = PBXBuildFile; fileRef = C26535DF27B5FA2500C0CA9E /* ViewController.swift */; };
		C26535E327B5FA2500C0CA9E /* Main.storyboard in Resources */ = {isa = PBXBuildFile; fileRef = C26535E127B5FA2500C0CA9E /* Main.storyboard */; };
		C26535E527B5FA2600C0CA9E /* Assets.xcassets in Resources */ = {isa = PBXBuildFile; fileRef = C26535E427B5FA2600C0CA9E /* Assets.xcassets */; };
		C26535E827B5FA2600C0CA9E /* LaunchScreen.storyboard in Resources */ = {isa = PBXBuildFile; fileRef = C26535E627B5FA2600C0CA9E /* LaunchScreen.storyboard */; };
		C26535F827B6055000C0CA9E /* SDWebImage in Frameworks */ = {isa = PBXBuildFile; productRef = C26535F727B6055000C0CA9E /* SDWebImage */; };
		C26535FD27B6095500C0CA9E /* FirebaseAnalytics in Frameworks */ = {isa = PBXBuildFile; productRef = C26535FC27B6095500C0CA9E /* FirebaseAnalytics */; };
		C26535FF27B6095500C0CA9E /* FirebaseAuth in Frameworks */ = {isa = PBXBuildFile; productRef = C26535FE27B6095500C0CA9E /* FirebaseAuth */; };
		C265360127B6095500C0CA9E /* FirebaseFirestore in Frameworks */ = {isa = PBXBuildFile; productRef = C265360027B6095500C0CA9E /* FirebaseFirestore */; };
		C265360327B6095500C0CA9E /* FirebaseMessaging in Frameworks */ = {isa = PBXBuildFile; productRef = C265360227B6095500C0CA9E /* FirebaseMessaging */; };
		C265360527B6095500C0CA9E /* FirebaseStorage in Frameworks */ = {isa = PBXBuildFile; productRef = C265360427B6095500C0CA9E /* FirebaseStorage */; };
		C265360727B60ADC00C0CA9E /* GoogleService-Info.plist in Resources */ = {isa = PBXBuildFile; fileRef = C265360627B60ADC00C0CA9E /* GoogleService-Info.plist */; };
		C265360D27B61A8A00C0CA9E /* API.swift in Sources */ = {isa = PBXBuildFile; fileRef = C265360C27B61A8A00C0CA9E /* API.swift */; };
		C265360F27B61A9D00C0CA9E /* UIView.swift in Sources */ = {isa = PBXBuildFile; fileRef = C265360E27B61A9D00C0CA9E /* UIView.swift */; };
		C265361327B61AB800C0CA9E /* LoginViewController.swift in Sources */ = {isa = PBXBuildFile; fileRef = C265361127B61AB800C0CA9E /* LoginViewController.swift */; };
		C265361427B61AB800C0CA9E /* LoginViewController.xib in Resources */ = {isa = PBXBuildFile; fileRef = C265361227B61AB800C0CA9E /* LoginViewController.xib */; };
		C265361627B63BD600C0CA9E /* String.swift in Sources */ = {isa = PBXBuildFile; fileRef = C265361527B63BD600C0CA9E /* String.swift */; };
/* End PBXBuildFile section */

/* Begin PBXFileReference section */
		177CE86627BB49D200C23A60 /* HomeViewController.swift */ = {isa = PBXFileReference; lastKnownFileType = sourcecode.swift; path = HomeViewController.swift; sourceTree = "<group>"; };
		177CE86727BB49D200C23A60 /* HomeViewController.xib */ = {isa = PBXFileReference; lastKnownFileType = file.xib; path = HomeViewController.xib; sourceTree = "<group>"; };
		177CE86F27BB8A0B00C23A60 /* ImageCollectionViewCell.swift */ = {isa = PBXFileReference; lastKnownFileType = sourcecode.swift; path = ImageCollectionViewCell.swift; sourceTree = "<group>"; };
		177CE87027BB8A0B00C23A60 /* ImageCollectionViewCell.xib */ = {isa = PBXFileReference; lastKnownFileType = file.xib; path = ImageCollectionViewCell.xib; sourceTree = "<group>"; };
		177CE87427BBB33D00C23A60 /* Item.swift */ = {isa = PBXFileReference; lastKnownFileType = sourcecode.swift; path = Item.swift; sourceTree = "<group>"; };
		177CE87D27BBB59800C23A60 /* ItemCollectionViewCell.swift */ = {isa = PBXFileReference; lastKnownFileType = sourcecode.swift; path = ItemCollectionViewCell.swift; sourceTree = "<group>"; };
		177CE87E27BBB59800C23A60 /* ItemCollectionViewCell.xib */ = {isa = PBXFileReference; lastKnownFileType = file.xib; path = ItemCollectionViewCell.xib; sourceTree = "<group>"; };
		2982E0EA27B6A855004D95AC /* Encodable.swift */ = {isa = PBXFileReference; lastKnownFileType = sourcecode.swift; path = Encodable.swift; sourceTree = "<group>"; };
		2982E0ED27B6B54D004D95AC /* User.swift */ = {isa = PBXFileReference; lastKnownFileType = sourcecode.swift; path = User.swift; sourceTree = "<group>"; };
		29F4D54C27BA600C003208F5 /* UIcolor.swift */ = {isa = PBXFileReference; lastKnownFileType = sourcecode.swift; path = UIcolor.swift; sourceTree = "<group>"; };
		C26535D827B5FA2500C0CA9E /* FEEcommerce.app */ = {isa = PBXFileReference; explicitFileType = wrapper.application; includeInIndex = 0; path = FEEcommerce.app; sourceTree = BUILT_PRODUCTS_DIR; };
		C26535DB27B5FA2500C0CA9E /* AppDelegate.swift */ = {isa = PBXFileReference; lastKnownFileType = sourcecode.swift; path = AppDelegate.swift; sourceTree = "<group>"; };
		C26535DF27B5FA2500C0CA9E /* ViewController.swift */ = {isa = PBXFileReference; lastKnownFileType = sourcecode.swift; path = ViewController.swift; sourceTree = "<group>"; };
		C26535E227B5FA2500C0CA9E /* Base */ = {isa = PBXFileReference; lastKnownFileType = file.storyboard; name = Base; path = Base.lproj/Main.storyboard; sourceTree = "<group>"; };
		C26535E427B5FA2600C0CA9E /* Assets.xcassets */ = {isa = PBXFileReference; lastKnownFileType = folder.assetcatalog; path = Assets.xcassets; sourceTree = "<group>"; };
		C26535E727B5FA2600C0CA9E /* Base */ = {isa = PBXFileReference; lastKnownFileType = file.storyboard; name = Base; path = Base.lproj/LaunchScreen.storyboard; sourceTree = "<group>"; };
		C26535E927B5FA2600C0CA9E /* Info.plist */ = {isa = PBXFileReference; lastKnownFileType = text.plist.xml; path = Info.plist; sourceTree = "<group>"; };
		C265360627B60ADC00C0CA9E /* GoogleService-Info.plist */ = {isa = PBXFileReference; fileEncoding = 4; lastKnownFileType = text.plist.xml; path = "GoogleService-Info.plist"; sourceTree = "<group>"; };
		C265360C27B61A8A00C0CA9E /* API.swift */ = {isa = PBXFileReference; lastKnownFileType = sourcecode.swift; path = API.swift; sourceTree = "<group>"; };
		C265360E27B61A9D00C0CA9E /* UIView.swift */ = {isa = PBXFileReference; lastKnownFileType = sourcecode.swift; path = UIView.swift; sourceTree = "<group>"; };
		C265361127B61AB800C0CA9E /* LoginViewController.swift */ = {isa = PBXFileReference; lastKnownFileType = sourcecode.swift; path = LoginViewController.swift; sourceTree = "<group>"; };
		C265361227B61AB800C0CA9E /* LoginViewController.xib */ = {isa = PBXFileReference; lastKnownFileType = file.xib; path = LoginViewController.xib; sourceTree = "<group>"; };
		C265361527B63BD600C0CA9E /* String.swift */ = {isa = PBXFileReference; lastKnownFileType = sourcecode.swift; path = String.swift; sourceTree = "<group>"; };
/* End PBXFileReference section */

/* Begin PBXFrameworksBuildPhase section */
		C26535D527B5FA2500C0CA9E /* Frameworks */ = {
			isa = PBXFrameworksBuildPhase;
			buildActionMask = 2147483647;
			files = (
				C26535FD27B6095500C0CA9E /* FirebaseAnalytics in Frameworks */,
				C265360127B6095500C0CA9E /* FirebaseFirestore in Frameworks */,
				C265360327B6095500C0CA9E /* FirebaseMessaging in Frameworks */,
				C26535FF27B6095500C0CA9E /* FirebaseAuth in Frameworks */,
				C26535F827B6055000C0CA9E /* SDWebImage in Frameworks */,
				C265360527B6095500C0CA9E /* FirebaseStorage in Frameworks */,
			);
			runOnlyForDeploymentPostprocessing = 0;
		};
/* End PBXFrameworksBuildPhase section */

/* Begin PBXGroup section */
		177CE86527BB49A200C23A60 /* Home */ = {
			isa = PBXGroup;
			children = (
				177CE87C27BBB57900C23A60 /* itemCell */,
				177CE86C27BB893D00C23A60 /* ImageCell */,
				177CE86627BB49D200C23A60 /* HomeViewController.swift */,
				177CE86727BB49D200C23A60 /* HomeViewController.xib */,
			);
			path = Home;
			sourceTree = "<group>";
		};
		177CE86A27BB4C5300C23A60 /* ViewModel */ = {
			isa = PBXGroup;
			children = (
			);
			path = ViewModel;
			sourceTree = "<group>";
		};
		177CE86C27BB893D00C23A60 /* ImageCell */ = {
			isa = PBXGroup;
			children = (
				177CE86F27BB8A0B00C23A60 /* ImageCollectionViewCell.swift */,
				177CE87027BB8A0B00C23A60 /* ImageCollectionViewCell.xib */,
			);
			path = ImageCell;
			sourceTree = "<group>";
		};
		177CE87C27BBB57900C23A60 /* itemCell */ = {
			isa = PBXGroup;
			children = (
				177CE87D27BBB59800C23A60 /* ItemCollectionViewCell.swift */,
				177CE87E27BBB59800C23A60 /* ItemCollectionViewCell.xib */,
			);
			path = itemCell;
			sourceTree = "<group>";
		};
		2982E0EC27B6B537004D95AC /* Model */ = {
			isa = PBXGroup;
			children = (
				2982E0ED27B6B54D004D95AC /* User.swift */,
				177CE87427BBB33D00C23A60 /* Item.swift */,
			);
			path = Model;
			sourceTree = "<group>";
		};
		C26535CF27B5FA2500C0CA9E = {
			isa = PBXGroup;
			children = (
				C26535DA27B5FA2500C0CA9E /* FEEcommerce */,
				C26535D927B5FA2500C0CA9E /* Products */,
			);
			sourceTree = "<group>";
		};
		C26535D927B5FA2500C0CA9E /* Products */ = {
			isa = PBXGroup;
			children = (
				C26535D827B5FA2500C0CA9E /* FEEcommerce.app */,
			);
			name = Products;
			sourceTree = "<group>";
		};
		C26535DA27B5FA2500C0CA9E /* FEEcommerce */ = {
			isa = PBXGroup;
			children = (
				177CE86A27BB4C5300C23A60 /* ViewModel */,
				2982E0EC27B6B537004D95AC /* Model */,
				C265360B27B6197D00C0CA9E /* API */,
				C265360A27B6196800C0CA9E /* Commons */,
				C265360927B6195E00C0CA9E /* Views */,
				C265360827B6195400C0CA9E /* Extendsions */,
				C26535DB27B5FA2500C0CA9E /* AppDelegate.swift */,
				C26535DF27B5FA2500C0CA9E /* ViewController.swift */,
				C26535E127B5FA2500C0CA9E /* Main.storyboard */,
				C26535E427B5FA2600C0CA9E /* Assets.xcassets */,
				C26535E627B5FA2600C0CA9E /* LaunchScreen.storyboard */,
				C26535E927B5FA2600C0CA9E /* Info.plist */,
				C265360627B60ADC00C0CA9E /* GoogleService-Info.plist */,
			);
			path = FEEcommerce;
			sourceTree = "<group>";
		};
		C265360827B6195400C0CA9E /* Extendsions */ = {
			isa = PBXGroup;
			children = (
				C265360E27B61A9D00C0CA9E /* UIView.swift */,
				2982E0EA27B6A855004D95AC /* Encodable.swift */,
				29F4D54C27BA600C003208F5 /* UIcolor.swift */,
				C265361527B63BD600C0CA9E /* String.swift */,
			);
			path = Extendsions;
			sourceTree = "<group>";
		};
		C265360927B6195E00C0CA9E /* Views */ = {
			isa = PBXGroup;
			children = (
				177CE86527BB49A200C23A60 /* Home */,
				C265361027B61AA500C0CA9E /* Login */,
			);
			path = Views;
			sourceTree = "<group>";
		};
		C265360A27B6196800C0CA9E /* Commons */ = {
			isa = PBXGroup;
			children = (
			);
			path = Commons;
			sourceTree = "<group>";
		};
		C265360B27B6197D00C0CA9E /* API */ = {
			isa = PBXGroup;
			children = (
				C265360C27B61A8A00C0CA9E /* API.swift */,
			);
			path = API;
			sourceTree = "<group>";
		};
		C265361027B61AA500C0CA9E /* Login */ = {
			isa = PBXGroup;
			children = (
				C265361127B61AB800C0CA9E /* LoginViewController.swift */,
				C265361227B61AB800C0CA9E /* LoginViewController.xib */,
			);
			path = Login;
			sourceTree = "<group>";
		};
/* End PBXGroup section */

/* Begin PBXNativeTarget section */
		C26535D727B5FA2500C0CA9E /* FEEcommerce */ = {
			isa = PBXNativeTarget;
			buildConfigurationList = C26535EC27B5FA2600C0CA9E /* Build configuration list for PBXNativeTarget "FEEcommerce" */;
			buildPhases = (
				C26535D427B5FA2500C0CA9E /* Sources */,
				C26535D527B5FA2500C0CA9E /* Frameworks */,
				C26535D627B5FA2500C0CA9E /* Resources */,
			);
			buildRules = (
			);
			dependencies = (
			);
			name = FEEcommerce;
			packageProductDependencies = (
				C26535F727B6055000C0CA9E /* SDWebImage */,
				C26535FC27B6095500C0CA9E /* FirebaseAnalytics */,
				C26535FE27B6095500C0CA9E /* FirebaseAuth */,
				C265360027B6095500C0CA9E /* FirebaseFirestore */,
				C265360227B6095500C0CA9E /* FirebaseMessaging */,
				C265360427B6095500C0CA9E /* FirebaseStorage */,
			);
			productName = FEEcommerce;
			productReference = C26535D827B5FA2500C0CA9E /* FEEcommerce.app */;
			productType = "com.apple.product-type.application";
		};
/* End PBXNativeTarget section */

/* Begin PBXProject section */
		C26535D027B5FA2500C0CA9E /* Project object */ = {
			isa = PBXProject;
			attributes = {
				BuildIndependentTargetsInParallel = 1;
				LastSwiftUpdateCheck = 1310;
				LastUpgradeCheck = 1310;
				TargetAttributes = {
					C26535D727B5FA2500C0CA9E = {
						CreatedOnToolsVersion = 13.1;
					};
				};
			};
			buildConfigurationList = C26535D327B5FA2500C0CA9E /* Build configuration list for PBXProject "FEEcommerce" */;
			compatibilityVersion = "Xcode 13.0";
			developmentRegion = en;
			hasScannedForEncodings = 0;
			knownRegions = (
				en,
				Base,
			);
			mainGroup = C26535CF27B5FA2500C0CA9E;
			packageReferences = (
				C26535F627B6055000C0CA9E /* XCRemoteSwiftPackageReference "SDWebImage" */,
				C26535FB27B6095500C0CA9E /* XCRemoteSwiftPackageReference "firebase-ios-sdk" */,
			);
			productRefGroup = C26535D927B5FA2500C0CA9E /* Products */;
			projectDirPath = "";
			projectRoot = "";
			targets = (
				C26535D727B5FA2500C0CA9E /* FEEcommerce */,
			);
		};
/* End PBXProject section */

/* Begin PBXResourcesBuildPhase section */
		C26535D627B5FA2500C0CA9E /* Resources */ = {
			isa = PBXResourcesBuildPhase;
			buildActionMask = 2147483647;
			files = (
				C265361427B61AB800C0CA9E /* LoginViewController.xib in Resources */,
				177CE88027BBB59800C23A60 /* ItemCollectionViewCell.xib in Resources */,
				C26535E827B5FA2600C0CA9E /* LaunchScreen.storyboard in Resources */,
				C265360727B60ADC00C0CA9E /* GoogleService-Info.plist in Resources */,
				177CE87227BB8A0B00C23A60 /* ImageCollectionViewCell.xib in Resources */,
				C26535E527B5FA2600C0CA9E /* Assets.xcassets in Resources */,
				C26535E327B5FA2500C0CA9E /* Main.storyboard in Resources */,
				177CE86927BB49D200C23A60 /* HomeViewController.xib in Resources */,
			);
			runOnlyForDeploymentPostprocessing = 0;
		};
/* End PBXResourcesBuildPhase section */

/* Begin PBXSourcesBuildPhase section */
		C26535D427B5FA2500C0CA9E /* Sources */ = {
			isa = PBXSourcesBuildPhase;
			buildActionMask = 2147483647;
			files = (
				C265361327B61AB800C0CA9E /* LoginViewController.swift in Sources */,
				177CE87127BB8A0B00C23A60 /* ImageCollectionViewCell.swift in Sources */,
				2982E0EB27B6A855004D95AC /* Encodable.swift in Sources */,
				C265360F27B61A9D00C0CA9E /* UIView.swift in Sources */,
				177CE87527BBB33D00C23A60 /* Item.swift in Sources */,
				29F4D54D27BA600C003208F5 /* UIcolor.swift in Sources */,
				C26535E027B5FA2500C0CA9E /* ViewController.swift in Sources */,
				177CE86827BB49D200C23A60 /* HomeViewController.swift in Sources */,
				2982E0EE27B6B54D004D95AC /* User.swift in Sources */,
				C26535DC27B5FA2500C0CA9E /* AppDelegate.swift in Sources */,
				C265361627B63BD600C0CA9E /* String.swift in Sources */,
				C265360D27B61A8A00C0CA9E /* API.swift in Sources */,
				177CE87F27BBB59800C23A60 /* ItemCollectionViewCell.swift in Sources */,
			);
			runOnlyForDeploymentPostprocessing = 0;
		};
/* End PBXSourcesBuildPhase section */

/* Begin PBXVariantGroup section */
		C26535E127B5FA2500C0CA9E /* Main.storyboard */ = {
			isa = PBXVariantGroup;
			children = (
				C26535E227B5FA2500C0CA9E /* Base */,
			);
			name = Main.storyboard;
			sourceTree = "<group>";
		};
		C26535E627B5FA2600C0CA9E /* LaunchScreen.storyboard */ = {
			isa = PBXVariantGroup;
			children = (
				C26535E727B5FA2600C0CA9E /* Base */,
			);
			name = LaunchScreen.storyboard;
			sourceTree = "<group>";
		};
/* End PBXVariantGroup section */

/* Begin XCBuildConfiguration section */
		C26535EA27B5FA2600C0CA9E /* Debug */ = {
			isa = XCBuildConfiguration;
			buildSettings = {
				ALWAYS_SEARCH_USER_PATHS = NO;
				CLANG_ANALYZER_NONNULL = YES;
				CLANG_ANALYZER_NUMBER_OBJECT_CONVERSION = YES_AGGRESSIVE;
				CLANG_CXX_LANGUAGE_STANDARD = "gnu++17";
				CLANG_CXX_LIBRARY = "libc++";
				CLANG_ENABLE_MODULES = YES;
				CLANG_ENABLE_OBJC_ARC = YES;
				CLANG_ENABLE_OBJC_WEAK = YES;
				CLANG_WARN_BLOCK_CAPTURE_AUTORELEASING = YES;
				CLANG_WARN_BOOL_CONVERSION = YES;
				CLANG_WARN_COMMA = YES;
				CLANG_WARN_CONSTANT_CONVERSION = YES;
				CLANG_WARN_DEPRECATED_OBJC_IMPLEMENTATIONS = YES;
				CLANG_WARN_DIRECT_OBJC_ISA_USAGE = YES_ERROR;
				CLANG_WARN_DOCUMENTATION_COMMENTS = YES;
				CLANG_WARN_EMPTY_BODY = YES;
				CLANG_WARN_ENUM_CONVERSION = YES;
				CLANG_WARN_INFINITE_RECURSION = YES;
				CLANG_WARN_INT_CONVERSION = YES;
				CLANG_WARN_NON_LITERAL_NULL_CONVERSION = YES;
				CLANG_WARN_OBJC_IMPLICIT_RETAIN_SELF = YES;
				CLANG_WARN_OBJC_LITERAL_CONVERSION = YES;
				CLANG_WARN_OBJC_ROOT_CLASS = YES_ERROR;
				CLANG_WARN_QUOTED_INCLUDE_IN_FRAMEWORK_HEADER = YES;
				CLANG_WARN_RANGE_LOOP_ANALYSIS = YES;
				CLANG_WARN_STRICT_PROTOTYPES = YES;
				CLANG_WARN_SUSPICIOUS_MOVE = YES;
				CLANG_WARN_UNGUARDED_AVAILABILITY = YES_AGGRESSIVE;
				CLANG_WARN_UNREACHABLE_CODE = YES;
				CLANG_WARN__DUPLICATE_METHOD_MATCH = YES;
				COPY_PHASE_STRIP = NO;
				DEBUG_INFORMATION_FORMAT = dwarf;
				ENABLE_STRICT_OBJC_MSGSEND = YES;
				ENABLE_TESTABILITY = YES;
				GCC_C_LANGUAGE_STANDARD = gnu11;
				GCC_DYNAMIC_NO_PIC = NO;
				GCC_NO_COMMON_BLOCKS = YES;
				GCC_OPTIMIZATION_LEVEL = 0;
				GCC_PREPROCESSOR_DEFINITIONS = (
					"DEBUG=1",
					"$(inherited)",
				);
				GCC_WARN_64_TO_32_BIT_CONVERSION = YES;
				GCC_WARN_ABOUT_RETURN_TYPE = YES_ERROR;
				GCC_WARN_UNDECLARED_SELECTOR = YES;
				GCC_WARN_UNINITIALIZED_AUTOS = YES_AGGRESSIVE;
				GCC_WARN_UNUSED_FUNCTION = YES;
				GCC_WARN_UNUSED_VARIABLE = YES;
				IPHONEOS_DEPLOYMENT_TARGET = 15.0;
				MTL_ENABLE_DEBUG_INFO = INCLUDE_SOURCE;
				MTL_FAST_MATH = YES;
				ONLY_ACTIVE_ARCH = YES;
				SDKROOT = iphoneos;
				SWIFT_ACTIVE_COMPILATION_CONDITIONS = DEBUG;
				SWIFT_OPTIMIZATION_LEVEL = "-Onone";
			};
			name = Debug;
		};
		C26535EB27B5FA2600C0CA9E /* Release */ = {
			isa = XCBuildConfiguration;
			buildSettings = {
				ALWAYS_SEARCH_USER_PATHS = NO;
				CLANG_ANALYZER_NONNULL = YES;
				CLANG_ANALYZER_NUMBER_OBJECT_CONVERSION = YES_AGGRESSIVE;
				CLANG_CXX_LANGUAGE_STANDARD = "gnu++17";
				CLANG_CXX_LIBRARY = "libc++";
				CLANG_ENABLE_MODULES = YES;
				CLANG_ENABLE_OBJC_ARC = YES;
				CLANG_ENABLE_OBJC_WEAK = YES;
				CLANG_WARN_BLOCK_CAPTURE_AUTORELEASING = YES;
				CLANG_WARN_BOOL_CONVERSION = YES;
				CLANG_WARN_COMMA = YES;
				CLANG_WARN_CONSTANT_CONVERSION = YES;
				CLANG_WARN_DEPRECATED_OBJC_IMPLEMENTATIONS = YES;
				CLANG_WARN_DIRECT_OBJC_ISA_USAGE = YES_ERROR;
				CLANG_WARN_DOCUMENTATION_COMMENTS = YES;
				CLANG_WARN_EMPTY_BODY = YES;
				CLANG_WARN_ENUM_CONVERSION = YES;
				CLANG_WARN_INFINITE_RECURSION = YES;
				CLANG_WARN_INT_CONVERSION = YES;
				CLANG_WARN_NON_LITERAL_NULL_CONVERSION = YES;
				CLANG_WARN_OBJC_IMPLICIT_RETAIN_SELF = YES;
				CLANG_WARN_OBJC_LITERAL_CONVERSION = YES;
				CLANG_WARN_OBJC_ROOT_CLASS = YES_ERROR;
				CLANG_WARN_QUOTED_INCLUDE_IN_FRAMEWORK_HEADER = YES;
				CLANG_WARN_RANGE_LOOP_ANALYSIS = YES;
				CLANG_WARN_STRICT_PROTOTYPES = YES;
				CLANG_WARN_SUSPICIOUS_MOVE = YES;
				CLANG_WARN_UNGUARDED_AVAILABILITY = YES_AGGRESSIVE;
				CLANG_WARN_UNREACHABLE_CODE = YES;
				CLANG_WARN__DUPLICATE_METHOD_MATCH = YES;
				COPY_PHASE_STRIP = NO;
				DEBUG_INFORMATION_FORMAT = "dwarf-with-dsym";
				ENABLE_NS_ASSERTIONS = NO;
				ENABLE_STRICT_OBJC_MSGSEND = YES;
				GCC_C_LANGUAGE_STANDARD = gnu11;
				GCC_NO_COMMON_BLOCKS = YES;
				GCC_WARN_64_TO_32_BIT_CONVERSION = YES;
				GCC_WARN_ABOUT_RETURN_TYPE = YES_ERROR;
				GCC_WARN_UNDECLARED_SELECTOR = YES;
				GCC_WARN_UNINITIALIZED_AUTOS = YES_AGGRESSIVE;
				GCC_WARN_UNUSED_FUNCTION = YES;
				GCC_WARN_UNUSED_VARIABLE = YES;
				IPHONEOS_DEPLOYMENT_TARGET = 15.0;
				MTL_ENABLE_DEBUG_INFO = NO;
				MTL_FAST_MATH = YES;
				SDKROOT = iphoneos;
				SWIFT_COMPILATION_MODE = wholemodule;
				SWIFT_OPTIMIZATION_LEVEL = "-O";
				VALIDATE_PRODUCT = YES;
			};
			name = Release;
		};
		C26535ED27B5FA2600C0CA9E /* Debug */ = {
			isa = XCBuildConfiguration;
			buildSettings = {
				ASSETCATALOG_COMPILER_APPICON_NAME = AppIcon;
				ASSETCATALOG_COMPILER_GLOBAL_ACCENT_COLOR_NAME = AccentColor;
				CODE_SIGN_STYLE = Automatic;
				CURRENT_PROJECT_VERSION = 1;
				DEVELOPMENT_TEAM = XVRNT7BG4H;
				GENERATE_INFOPLIST_FILE = YES;
				INFOPLIST_FILE = FEEcommerce/Info.plist;
				INFOPLIST_KEY_UIApplicationSupportsIndirectInputEvents = YES;
				INFOPLIST_KEY_UILaunchStoryboardName = LaunchScreen;
				INFOPLIST_KEY_UIMainStoryboardFile = Main;
				INFOPLIST_KEY_UISupportedInterfaceOrientations_iPad = "UIInterfaceOrientationPortrait UIInterfaceOrientationPortraitUpsideDown UIInterfaceOrientationLandscapeLeft UIInterfaceOrientationLandscapeRight";
				INFOPLIST_KEY_UISupportedInterfaceOrientations_iPhone = "UIInterfaceOrientationPortrait UIInterfaceOrientationLandscapeLeft UIInterfaceOrientationLandscapeRight";
				LD_RUNPATH_SEARCH_PATHS = (
					"$(inherited)",
					"@executable_path/Frameworks",
				);
				MARKETING_VERSION = 1.0;
				PRODUCT_BUNDLE_IDENTIFIER = com.hung.FEEcommerce;
				PRODUCT_NAME = "$(TARGET_NAME)";
				SWIFT_EMIT_LOC_STRINGS = YES;
				SWIFT_VERSION = 5.0;
				TARGETED_DEVICE_FAMILY = "1,2";
			};
			name = Debug;
		};
		C26535EE27B5FA2600C0CA9E /* Release */ = {
			isa = XCBuildConfiguration;
			buildSettings = {
				ASSETCATALOG_COMPILER_APPICON_NAME = AppIcon;
				ASSETCATALOG_COMPILER_GLOBAL_ACCENT_COLOR_NAME = AccentColor;
				CODE_SIGN_STYLE = Automatic;
				CURRENT_PROJECT_VERSION = 1;
				DEVELOPMENT_TEAM = XVRNT7BG4H;
				GENERATE_INFOPLIST_FILE = YES;
				INFOPLIST_FILE = FEEcommerce/Info.plist;
				INFOPLIST_KEY_UIApplicationSupportsIndirectInputEvents = YES;
				INFOPLIST_KEY_UILaunchStoryboardName = LaunchScreen;
				INFOPLIST_KEY_UIMainStoryboardFile = Main;
				INFOPLIST_KEY_UISupportedInterfaceOrientations_iPad = "UIInterfaceOrientationPortrait UIInterfaceOrientationPortraitUpsideDown UIInterfaceOrientationLandscapeLeft UIInterfaceOrientationLandscapeRight";
				INFOPLIST_KEY_UISupportedInterfaceOrientations_iPhone = "UIInterfaceOrientationPortrait UIInterfaceOrientationLandscapeLeft UIInterfaceOrientationLandscapeRight";
				LD_RUNPATH_SEARCH_PATHS = (
					"$(inherited)",
					"@executable_path/Frameworks",
				);
				MARKETING_VERSION = 1.0;
				PRODUCT_BUNDLE_IDENTIFIER = com.hung.FEEcommerce;
				PRODUCT_NAME = "$(TARGET_NAME)";
				SWIFT_EMIT_LOC_STRINGS = YES;
				SWIFT_VERSION = 5.0;
				TARGETED_DEVICE_FAMILY = "1,2";
			};
			name = Release;
		};
/* End XCBuildConfiguration section */

/* Begin XCConfigurationList section */
		C26535D327B5FA2500C0CA9E /* Build configuration list for PBXProject "FEEcommerce" */ = {
			isa = XCConfigurationList;
			buildConfigurations = (
				C26535EA27B5FA2600C0CA9E /* Debug */,
				C26535EB27B5FA2600C0CA9E /* Release */,
			);
			defaultConfigurationIsVisible = 0;
			defaultConfigurationName = Release;
		};
		C26535EC27B5FA2600C0CA9E /* Build configuration list for PBXNativeTarget "FEEcommerce" */ = {
			isa = XCConfigurationList;
			buildConfigurations = (
				C26535ED27B5FA2600C0CA9E /* Debug */,
				C26535EE27B5FA2600C0CA9E /* Release */,
			);
			defaultConfigurationIsVisible = 0;
			defaultConfigurationName = Release;
		};
/* End XCConfigurationList section */

/* Begin XCRemoteSwiftPackageReference section */
		C26535F627B6055000C0CA9E /* XCRemoteSwiftPackageReference "SDWebImage" */ = {
			isa = XCRemoteSwiftPackageReference;
			repositoryURL = "https://github.com/SDWebImage/SDWebImage";
			requirement = {
				kind = upToNextMajorVersion;
				minimumVersion = 5.0.0;
			};
		};
		C26535FB27B6095500C0CA9E /* XCRemoteSwiftPackageReference "firebase-ios-sdk" */ = {
			isa = XCRemoteSwiftPackageReference;
			repositoryURL = "https://github.com/firebase/firebase-ios-sdk";
			requirement = {
				branch = master;
				kind = branch;
			};
		};
/* End XCRemoteSwiftPackageReference section */

/* Begin XCSwiftPackageProductDependency section */
		C26535F727B6055000C0CA9E /* SDWebImage */ = {
			isa = XCSwiftPackageProductDependency;
			package = C26535F627B6055000C0CA9E /* XCRemoteSwiftPackageReference "SDWebImage" */;
			productName = SDWebImage;
		};
		C26535FC27B6095500C0CA9E /* FirebaseAnalytics */ = {
			isa = XCSwiftPackageProductDependency;
			package = C26535FB27B6095500C0CA9E /* XCRemoteSwiftPackageReference "firebase-ios-sdk" */;
			productName = FirebaseAnalytics;
		};
		C26535FE27B6095500C0CA9E /* FirebaseAuth */ = {
			isa = XCSwiftPackageProductDependency;
			package = C26535FB27B6095500C0CA9E /* XCRemoteSwiftPackageReference "firebase-ios-sdk" */;
			productName = FirebaseAuth;
		};
		C265360027B6095500C0CA9E /* FirebaseFirestore */ = {
			isa = XCSwiftPackageProductDependency;
			package = C26535FB27B6095500C0CA9E /* XCRemoteSwiftPackageReference "firebase-ios-sdk" */;
			productName = FirebaseFirestore;
		};
		C265360227B6095500C0CA9E /* FirebaseMessaging */ = {
			isa = XCSwiftPackageProductDependency;
			package = C26535FB27B6095500C0CA9E /* XCRemoteSwiftPackageReference "firebase-ios-sdk" */;
			productName = FirebaseMessaging;
		};
		C265360427B6095500C0CA9E /* FirebaseStorage */ = {
			isa = XCSwiftPackageProductDependency;
			package = C26535FB27B6095500C0CA9E /* XCRemoteSwiftPackageReference "firebase-ios-sdk" */;
			productName = FirebaseStorage;
		};
/* End XCSwiftPackageProductDependency section */
	};
	rootObject = C26535D027B5FA2500C0CA9E /* Project object */;
}
